
Microsoft Visual Studio Solution File, Format Version 12.00
# Visual Studio Version 17
VisualStudioVersion = 17.8.34525.116
MinimumVisualStudioVersion = 10.0.40219.1
Project("{FAE04EC0-301F-11D3-BF4B-00C04F79EFBC}") = "Life for tik tac toe", "Life for tik tac toe\Life for tik tac toe.csproj", "{8A195EDA-9E17-48D7-80D6-CB38B9D48EFC}"
EndProject
Global
	GlobalSection(SolutionConfigurationPlatforms) = preSolution
		Debug|Any CPU = Debug|Any CPU
		Release|Any CPU = Release|Any CPU
	EndGlobalSection
	GlobalSection(ProjectConfigurationPlatforms) = postSolution
		{8A195EDA-9E17-48D7-80D6-CB38B9D48EFC}.Debug|Any CPU.ActiveCfg = Debug|Any CPU
		{8A195EDA-9E17-48D7-80D6-CB38B9D48EFC}.Debug|Any CPU.Build.0 = Debug|Any CPU
		{8A195EDA-9E17-48D7-80D6-CB38B9D48EFC}.Release|Any CPU.ActiveCfg = Release|Any CPU
		{8A195EDA-9E17-48D7-80D6-CB38B9D48EFC}.Release|Any CPU.Build.0 = Release|Any CPU
	EndGlobalSection
	GlobalSection(SolutionProperties) = preSolution
		HideSolutionNode = FALSE
	EndGlobalSection
	GlobalSection(ExtensibilityGlobals) = postSolution
		SolutionGuid = {4DABD1AA-563A-4F7B-8F68-3CF468A6FFEA}
	EndGlobalSection
EndGlobal
